
Microsoft Visual Studio Solution File, Format Version 12.00
# Visual Studio Version 17
VisualStudioVersion = 17.9.34622.214
MinimumVisualStudioVersion = 10.0.40219.1
Project("{FAE04EC0-301F-11D3-BF4B-00C04F79EFBC}") = "CapaPresentación_Admin", "StarFood\CapaPresentación_Admin.csproj", "{845AC0CC-26E7-4E36-82FC-E6B747A9581A}"
EndProject
Global
	GlobalSection(SolutionConfigurationPlatforms) = preSolution
		Debug|Any CPU = Debug|Any CPU
		Release|Any CPU = Release|Any CPU
	EndGlobalSection
	GlobalSection(ProjectConfigurationPlatforms) = postSolution
		{845AC0CC-26E7-4E36-82FC-E6B747A9581A}.Debug|Any CPU.ActiveCfg = Debug|Any CPU
		{845AC0CC-26E7-4E36-82FC-E6B747A9581A}.Debug|Any CPU.Build.0 = Debug|Any CPU
		{845AC0CC-26E7-4E36-82FC-E6B747A9581A}.Release|Any CPU.ActiveCfg = Release|Any CPU
		{845AC0CC-26E7-4E36-82FC-E6B747A9581A}.Release|Any CPU.Build.0 = Release|Any CPU
	EndGlobalSection
	GlobalSection(SolutionProperties) = preSolution
		HideSolutionNode = FALSE
	EndGlobalSection
	GlobalSection(ExtensibilityGlobals) = postSolution
		SolutionGuid = {9A26D99D-A3AA-4309-8834-698854490483}
	EndGlobalSection
EndGlobal
